{
  "name": "test-dj-postgres-mcp",
  "version": "1.0.0",
  "lockfileVersion": 3,
  "requires": true,
  "packages": {
    "": {
      "name": "test-dj-postgres-mcp",
      "version": "1.0.0",
      "dependencies": {
        "dj-postgres-mcp": "file:.."
      }
    },
    "..": {
      "version": "0.9.0",
      "license": "MIT",
      "dependencies": {
        "@modelcontextprotocol/sdk": "0.6.0",
        "pg": "^8.16.3"
      },
      "bin": {
        "dj-postgres-mcp": "build/index.js"
      },
      "devDependencies": {
        "@types/node": "^20.11.24",
        "@types/pg": "^8.15.4",
        "typescript": "^5.3.3"
      }
    },
    "node_modules/dj-postgres-mcp": {
      "resolved": "..",
      "link": true
    }
  }
}
